// !$*UTF8*$!
{
	archiveVersion = 1;
	classes = {
	};
	objectVersion = 55;
	objects = {

/* Begin PBXBuildFile section */
		3D4DA12F280108680039EE02 /* CategoryRequest.swift in Sources */ = {isa = PBXBuildFile; fileRef = 3D4DA12E280108680039EE02 /* CategoryRequest.swift */; };
		3D4DA131280108910039EE02 /* CategoryService.swift in Sources */ = {isa = PBXBuildFile; fileRef = 3D4DA130280108910039EE02 /* CategoryService.swift */; };
		3D4DA133280108D20039EE02 /* CategoryData.swift in Sources */ = {isa = PBXBuildFile; fileRef = 3D4DA132280108D20039EE02 /* CategoryData.swift */; };
		3D4DA138280109560039EE02 /* Categories.json in Resources */ = {isa = PBXBuildFile; fileRef = 3D4DA137280109560039EE02 /* Categories.json */; };
		3D4DA13A280109760039EE02 /* CategoryServiceTestCase.swift in Sources */ = {isa = PBXBuildFile; fileRef = 3D4DA139280109760039EE02 /* CategoryServiceTestCase.swift */; };
		3D4DA13D28010C290039EE02 /* AdRepository.swift in Sources */ = {isa = PBXBuildFile; fileRef = 3D4DA13C28010C290039EE02 /* AdRepository.swift */; };
		3D4DA13F28010D650039EE02 /* AdServiceProtocol.swift in Sources */ = {isa = PBXBuildFile; fileRef = 3D4DA13E28010D650039EE02 /* AdServiceProtocol.swift */; };
		3D4DA14128010D8A0039EE02 /* CategoryServiceProtocol.swift in Sources */ = {isa = PBXBuildFile; fileRef = 3D4DA14028010D8A0039EE02 /* CategoryServiceProtocol.swift */; };
		3D4DA14528010E560039EE02 /* AdProtocols.swift in Sources */ = {isa = PBXBuildFile; fileRef = 3D4DA14428010E560039EE02 /* AdProtocols.swift */; };
		3D4DA14828010E820039EE02 /* AdDomain.swift in Sources */ = {isa = PBXBuildFile; fileRef = 3D4DA14728010E820039EE02 /* AdDomain.swift */; };
		3D4DA14B28010ECB0039EE02 /* AdData+Extension.swift in Sources */ = {isa = PBXBuildFile; fileRef = 3D4DA14A28010ECB0039EE02 /* AdData+Extension.swift */; };
		3D4DA14E280111000039EE02 /* DateFormatter+Extension.swift in Sources */ = {isa = PBXBuildFile; fileRef = 3D4DA14D280111000039EE02 /* DateFormatter+Extension.swift */; };
		3D4DA150280111F00039EE02 /* String+Extension.swift in Sources */ = {isa = PBXBuildFile; fileRef = 3D4DA14F280111F00039EE02 /* String+Extension.swift */; };
		3D6094072801F21D007CC14A /* UIImageView+Extension.swift in Sources */ = {isa = PBXBuildFile; fileRef = 3D6094062801F21D007CC14A /* UIImageView+Extension.swift */; };
		3D60940928021155007CC14A /* AdDetailViewController.swift in Sources */ = {isa = PBXBuildFile; fileRef = 3D60940828021155007CC14A /* AdDetailViewController.swift */; };
		3D60940B28021186007CC14A /* AdDetailViewModel.swift in Sources */ = {isa = PBXBuildFile; fileRef = 3D60940A28021186007CC14A /* AdDetailViewModel.swift */; };
		3D60940D280223C8007CC14A /* PaddingLabel.swift in Sources */ = {isa = PBXBuildFile; fileRef = 3D60940C280223C8007CC14A /* PaddingLabel.swift */; };
		3D791C822802E51F006F1F1C /* CategoryRepository.swift in Sources */ = {isa = PBXBuildFile; fileRef = 3D791C812802E51F006F1F1C /* CategoryRepository.swift */; };
		3D791C842802E557006F1F1C /* CategoryProtocols.swift in Sources */ = {isa = PBXBuildFile; fileRef = 3D791C832802E557006F1F1C /* CategoryProtocols.swift */; };
		3D791C862802E57A006F1F1C /* CategoryDomain.swift in Sources */ = {isa = PBXBuildFile; fileRef = 3D791C852802E57A006F1F1C /* CategoryDomain.swift */; };
		3D791C882802E5E6006F1F1C /* CategoryData+Extension.swift in Sources */ = {isa = PBXBuildFile; fileRef = 3D791C872802E5E6006F1F1C /* CategoryData+Extension.swift */; };
		3D791C8A2802E625006F1F1C /* CategoryUsecase.swift in Sources */ = {isa = PBXBuildFile; fileRef = 3D791C892802E625006F1F1C /* CategoryUsecase.swift */; };
		3D791C8C2802E704006F1F1C /* FilterViewModel.swift in Sources */ = {isa = PBXBuildFile; fileRef = 3D791C8B2802E704006F1F1C /* FilterViewModel.swift */; };
		3D791C8E2802E75D006F1F1C /* CategoryModel.swift in Sources */ = {isa = PBXBuildFile; fileRef = 3D791C8D2802E75D006F1F1C /* CategoryModel.swift */; };
		3D791C902802E78D006F1F1C /* CategoryDomain+Extension.swift in Sources */ = {isa = PBXBuildFile; fileRef = 3D791C8F2802E78D006F1F1C /* CategoryDomain+Extension.swift */; };
		3D791C982802EB04006F1F1C /* FilterCoordinator.swift in Sources */ = {isa = PBXBuildFile; fileRef = 3D791C972802EB04006F1F1C /* FilterCoordinator.swift */; };
		3D791C9A2802EB3E006F1F1C /* FilterViewController.swift in Sources */ = {isa = PBXBuildFile; fileRef = 3D791C992802EB3E006F1F1C /* FilterViewController.swift */; };
		3D933FDB2800E36B0002B11D /* AppDelegate.swift in Sources */ = {isa = PBXBuildFile; fileRef = 3D933FDA2800E36B0002B11D /* AppDelegate.swift */; };
		3D933FDD2800E36B0002B11D /* SceneDelegate.swift in Sources */ = {isa = PBXBuildFile; fileRef = 3D933FDC2800E36B0002B11D /* SceneDelegate.swift */; };
		3D933FE42800E36E0002B11D /* Assets.xcassets in Resources */ = {isa = PBXBuildFile; fileRef = 3D933FE32800E36E0002B11D /* Assets.xcassets */; };
		3D933FE72800E36E0002B11D /* LaunchScreen.storyboard in Resources */ = {isa = PBXBuildFile; fileRef = 3D933FE52800E36E0002B11D /* LaunchScreen.storyboard */; };
		3D933FFC2800E36F0002B11D /* LeboncoinTestUITests.swift in Sources */ = {isa = PBXBuildFile; fileRef = 3D933FFB2800E36F0002B11D /* LeboncoinTestUITests.swift */; };
		3D933FFE2800E36F0002B11D /* LeboncoinTestUITestsLaunchTests.swift in Sources */ = {isa = PBXBuildFile; fileRef = 3D933FFD2800E36F0002B11D /* LeboncoinTestUITestsLaunchTests.swift */; };
		3D9340132800EA710002B11D /* HTTPMethod.swift in Sources */ = {isa = PBXBuildFile; fileRef = 3D9340122800EA710002B11D /* HTTPMethod.swift */; };
		3D9340152800EA820002B11D /* ServiceError.swift in Sources */ = {isa = PBXBuildFile; fileRef = 3D9340142800EA820002B11D /* ServiceError.swift */; };
		3D9340172800EA9B0002B11D /* HTTPRequestProtocol.swift in Sources */ = {isa = PBXBuildFile; fileRef = 3D9340162800EA9B0002B11D /* HTTPRequestProtocol.swift */; };
		3D9340192800EAF10002B11D /* NetworkClientProtocol.swift in Sources */ = {isa = PBXBuildFile; fileRef = 3D9340182800EAF10002B11D /* NetworkClientProtocol.swift */; };
		3D93401B2800EB270002B11D /* NetworkClient.swift in Sources */ = {isa = PBXBuildFile; fileRef = 3D93401A2800EB270002B11D /* NetworkClient.swift */; };
		3D93401E2800EC320002B11D /* URLSession+Extension.swift in Sources */ = {isa = PBXBuildFile; fileRef = 3D93401D2800EC320002B11D /* URLSession+Extension.swift */; };
		3D9340222800F3FD0002B11D /* AdService.swift in Sources */ = {isa = PBXBuildFile; fileRef = 3D9340212800F3FD0002B11D /* AdService.swift */; };
		3D9340242800F4750002B11D /* AdRequest.swift in Sources */ = {isa = PBXBuildFile; fileRef = 3D9340232800F4750002B11D /* AdRequest.swift */; };
		3D93402B2800F5E00002B11D /* AdData.swift in Sources */ = {isa = PBXBuildFile; fileRef = 3D93402A2800F5E00002B11D /* AdData.swift */; };
		3D93402D2800F61E0002B11D /* AdDataImageURL.swift in Sources */ = {isa = PBXBuildFile; fileRef = 3D93402C2800F61E0002B11D /* AdDataImageURL.swift */; };
		3D93402F2800F7930002B11D /* URLSessionFake.swift in Sources */ = {isa = PBXBuildFile; fileRef = 3D93402E2800F7930002B11D /* URLSessionFake.swift */; };
		3D9340312800F7D00002B11D /* FakeResponseData.swift in Sources */ = {isa = PBXBuildFile; fileRef = 3D9340302800F7D00002B11D /* FakeResponseData.swift */; };
		3D9340332800F8070002B11D /* Listing.json in Resources */ = {isa = PBXBuildFile; fileRef = 3D9340322800F8070002B11D /* Listing.json */; };
		3D9340362800F92E0002B11D /* AdServiceTestCase.swift in Sources */ = {isa = PBXBuildFile; fileRef = 3D9340352800F92E0002B11D /* AdServiceTestCase.swift */; };
		3D9886A0280184A500FF8D10 /* AdUsecase.swift in Sources */ = {isa = PBXBuildFile; fileRef = 3D98869F280184A500FF8D10 /* AdUsecase.swift */; };
		3D9886A428018AC800FF8D10 /* Logger.swift in Sources */ = {isa = PBXBuildFile; fileRef = 3D9886A328018AC800FF8D10 /* Logger.swift */; };
		3D9886A7280197B900FF8D10 /* AdListViewModel.swift in Sources */ = {isa = PBXBuildFile; fileRef = 3D9886A6280197B900FF8D10 /* AdListViewModel.swift */; };
		3D9886AA2801980600FF8D10 /* AdListViewController.swift in Sources */ = {isa = PBXBuildFile; fileRef = 3D9886A92801980600FF8D10 /* AdListViewController.swift */; };
		3D9886AD2801995200FF8D10 /* AppCoordinator.swift in Sources */ = {isa = PBXBuildFile; fileRef = 3D9886AC2801995200FF8D10 /* AppCoordinator.swift */; };
		3D9886AF2801997500FF8D10 /* CoordinatorProtocol.swift in Sources */ = {isa = PBXBuildFile; fileRef = 3D9886AE2801997500FF8D10 /* CoordinatorProtocol.swift */; };
		3D9886B1280199D800FF8D10 /* AdListCoordinator.swift in Sources */ = {isa = PBXBuildFile; fileRef = 3D9886B0280199D800FF8D10 /* AdListCoordinator.swift */; };
		3D9886B72801B0FA00FF8D10 /* Localizable.swift in Sources */ = {isa = PBXBuildFile; fileRef = 3D9886B62801B0FA00FF8D10 /* Localizable.swift */; };
		3D9886B92801B1AC00FF8D10 /* Localizable.strings in Resources */ = {isa = PBXBuildFile; fileRef = 3D9886BB2801B1AC00FF8D10 /* Localizable.strings */; };
		3D9886BF2801B58000FF8D10 /* UIColor+Extension.swift in Sources */ = {isa = PBXBuildFile; fileRef = 3D9886BE2801B58000FF8D10 /* UIColor+Extension.swift */; };
		3D9886CA2801C00200FF8D10 /* AdModel.swift in Sources */ = {isa = PBXBuildFile; fileRef = 3D9886C92801C00200FF8D10 /* AdModel.swift */; };
		3D9886CC2801C02500FF8D10 /* AdDomain+Extension.swift in Sources */ = {isa = PBXBuildFile; fileRef = 3D9886CB2801C02500FF8D10 /* AdDomain+Extension.swift */; };
		3DD966692801C6FD002A3834 /* AdListTableViewCell.swift in Sources */ = {isa = PBXBuildFile; fileRef = 3DD966682801C6FD002A3834 /* AdListTableViewCell.swift */; };
		3DD9666B2801C75D002A3834 /* UITableView+Extension.swift in Sources */ = {isa = PBXBuildFile; fileRef = 3DD9666A2801C75D002A3834 /* UITableView+Extension.swift */; };
		3DD9666E2801C7A2002A3834 /* ReusableViewProtocol.swift in Sources */ = {isa = PBXBuildFile; fileRef = 3DD9666D2801C7A2002A3834 /* ReusableViewProtocol.swift */; };
		3DD966702801C7D1002A3834 /* UITableViewCell+Extension.swift in Sources */ = {isa = PBXBuildFile; fileRef = 3DD9666F2801C7D1002A3834 /* UITableViewCell+Extension.swift */; };
		3DD966722801D08E002A3834 /* TableViewDataSource.swift in Sources */ = {isa = PBXBuildFile; fileRef = 3DD966712801D08E002A3834 /* TableViewDataSource.swift */; };
/* End PBXBuildFile section */

/* Begin PBXContainerItemProxy section */
		3D933FEE2800E36F0002B11D /* PBXContainerItemProxy */ = {
			isa = PBXContainerItemProxy;
			containerPortal = 3D933FCF2800E36B0002B11D /* Project object */;
			proxyType = 1;
			remoteGlobalIDString = 3D933FD62800E36B0002B11D;
			remoteInfo = LeboncoinTest;
		};
		3D933FF82800E36F0002B11D /* PBXContainerItemProxy */ = {
			isa = PBXContainerItemProxy;
			containerPortal = 3D933FCF2800E36B0002B11D /* Project object */;
			proxyType = 1;
			remoteGlobalIDString = 3D933FD62800E36B0002B11D;
			remoteInfo = LeboncoinTest;
		};
/* End PBXContainerItemProxy section */

/* Begin PBXFileReference section */
		3D4DA12E280108680039EE02 /* CategoryRequest.swift */ = {isa = PBXFileReference; lastKnownFileType = sourcecode.swift; path = CategoryRequest.swift; sourceTree = "<group>"; };
		3D4DA130280108910039EE02 /* CategoryService.swift */ = {isa = PBXFileReference; lastKnownFileType = sourcecode.swift; path = CategoryService.swift; sourceTree = "<group>"; };
		3D4DA132280108D20039EE02 /* CategoryData.swift */ = {isa = PBXFileReference; lastKnownFileType = sourcecode.swift; path = CategoryData.swift; sourceTree = "<group>"; };
		3D4DA137280109560039EE02 /* Categories.json */ = {isa = PBXFileReference; lastKnownFileType = text.json; path = Categories.json; sourceTree = "<group>"; };
		3D4DA139280109760039EE02 /* CategoryServiceTestCase.swift */ = {isa = PBXFileReference; lastKnownFileType = sourcecode.swift; path = CategoryServiceTestCase.swift; sourceTree = "<group>"; };
		3D4DA13C28010C290039EE02 /* AdRepository.swift */ = {isa = PBXFileReference; lastKnownFileType = sourcecode.swift; path = AdRepository.swift; sourceTree = "<group>"; };
		3D4DA13E28010D650039EE02 /* AdServiceProtocol.swift */ = {isa = PBXFileReference; lastKnownFileType = sourcecode.swift; path = AdServiceProtocol.swift; sourceTree = "<group>"; };
		3D4DA14028010D8A0039EE02 /* CategoryServiceProtocol.swift */ = {isa = PBXFileReference; lastKnownFileType = sourcecode.swift; path = CategoryServiceProtocol.swift; sourceTree = "<group>"; };
		3D4DA14428010E560039EE02 /* AdProtocols.swift */ = {isa = PBXFileReference; lastKnownFileType = sourcecode.swift; path = AdProtocols.swift; sourceTree = "<group>"; };
		3D4DA14728010E820039EE02 /* AdDomain.swift */ = {isa = PBXFileReference; lastKnownFileType = sourcecode.swift; path = AdDomain.swift; sourceTree = "<group>"; };
		3D4DA14A28010ECB0039EE02 /* AdData+Extension.swift */ = {isa = PBXFileReference; lastKnownFileType = sourcecode.swift; path = "AdData+Extension.swift"; sourceTree = "<group>"; };
		3D4DA14D280111000039EE02 /* DateFormatter+Extension.swift */ = {isa = PBXFileReference; lastKnownFileType = sourcecode.swift; path = "DateFormatter+Extension.swift"; sourceTree = "<group>"; };
		3D4DA14F280111F00039EE02 /* String+Extension.swift */ = {isa = PBXFileReference; lastKnownFileType = sourcecode.swift; path = "String+Extension.swift"; sourceTree = "<group>"; };
		3D6094062801F21D007CC14A /* UIImageView+Extension.swift */ = {isa = PBXFileReference; lastKnownFileType = sourcecode.swift; path = "UIImageView+Extension.swift"; sourceTree = "<group>"; };
		3D60940828021155007CC14A /* AdDetailViewController.swift */ = {isa = PBXFileReference; lastKnownFileType = sourcecode.swift; path = AdDetailViewController.swift; sourceTree = "<group>"; };
		3D60940A28021186007CC14A /* AdDetailViewModel.swift */ = {isa = PBXFileReference; lastKnownFileType = sourcecode.swift; path = AdDetailViewModel.swift; sourceTree = "<group>"; };
		3D60940C280223C8007CC14A /* PaddingLabel.swift */ = {isa = PBXFileReference; lastKnownFileType = sourcecode.swift; path = PaddingLabel.swift; sourceTree = "<group>"; };
		3D791C812802E51F006F1F1C /* CategoryRepository.swift */ = {isa = PBXFileReference; lastKnownFileType = sourcecode.swift; path = CategoryRepository.swift; sourceTree = "<group>"; };
		3D791C832802E557006F1F1C /* CategoryProtocols.swift */ = {isa = PBXFileReference; lastKnownFileType = sourcecode.swift; path = CategoryProtocols.swift; sourceTree = "<group>"; };
		3D791C852802E57A006F1F1C /* CategoryDomain.swift */ = {isa = PBXFileReference; lastKnownFileType = sourcecode.swift; path = CategoryDomain.swift; sourceTree = "<group>"; };
		3D791C872802E5E6006F1F1C /* CategoryData+Extension.swift */ = {isa = PBXFileReference; lastKnownFileType = sourcecode.swift; path = "CategoryData+Extension.swift"; sourceTree = "<group>"; };
		3D791C892802E625006F1F1C /* CategoryUsecase.swift */ = {isa = PBXFileReference; lastKnownFileType = sourcecode.swift; path = CategoryUsecase.swift; sourceTree = "<group>"; };
		3D791C8B2802E704006F1F1C /* FilterViewModel.swift */ = {isa = PBXFileReference; lastKnownFileType = sourcecode.swift; path = FilterViewModel.swift; sourceTree = "<group>"; };
		3D791C8D2802E75D006F1F1C /* CategoryModel.swift */ = {isa = PBXFileReference; lastKnownFileType = sourcecode.swift; path = CategoryModel.swift; sourceTree = "<group>"; };
		3D791C8F2802E78D006F1F1C /* CategoryDomain+Extension.swift */ = {isa = PBXFileReference; lastKnownFileType = sourcecode.swift; path = "CategoryDomain+Extension.swift"; sourceTree = "<group>"; };
		3D791C972802EB04006F1F1C /* FilterCoordinator.swift */ = {isa = PBXFileReference; lastKnownFileType = sourcecode.swift; path = FilterCoordinator.swift; sourceTree = "<group>"; };
		3D791C992802EB3E006F1F1C /* FilterViewController.swift */ = {isa = PBXFileReference; lastKnownFileType = sourcecode.swift; path = FilterViewController.swift; sourceTree = "<group>"; };
		3D933FD72800E36B0002B11D /* LeboncoinTest.app */ = {isa = PBXFileReference; explicitFileType = wrapper.application; includeInIndex = 0; path = LeboncoinTest.app; sourceTree = BUILT_PRODUCTS_DIR; };
		3D933FDA2800E36B0002B11D /* AppDelegate.swift */ = {isa = PBXFileReference; lastKnownFileType = sourcecode.swift; path = AppDelegate.swift; sourceTree = "<group>"; };
		3D933FDC2800E36B0002B11D /* SceneDelegate.swift */ = {isa = PBXFileReference; lastKnownFileType = sourcecode.swift; path = SceneDelegate.swift; sourceTree = "<group>"; };
		3D933FE32800E36E0002B11D /* Assets.xcassets */ = {isa = PBXFileReference; lastKnownFileType = folder.assetcatalog; path = Assets.xcassets; sourceTree = "<group>"; };
		3D933FE62800E36E0002B11D /* Base */ = {isa = PBXFileReference; lastKnownFileType = file.storyboard; name = Base; path = Base.lproj/LaunchScreen.storyboard; sourceTree = "<group>"; };
		3D933FE82800E36E0002B11D /* Info.plist */ = {isa = PBXFileReference; lastKnownFileType = text.plist.xml; path = Info.plist; sourceTree = "<group>"; };
		3D933FED2800E36F0002B11D /* LeboncoinTestTests.xctest */ = {isa = PBXFileReference; explicitFileType = wrapper.cfbundle; includeInIndex = 0; path = LeboncoinTestTests.xctest; sourceTree = BUILT_PRODUCTS_DIR; };
		3D933FF72800E36F0002B11D /* LeboncoinTestUITests.xctest */ = {isa = PBXFileReference; explicitFileType = wrapper.cfbundle; includeInIndex = 0; path = LeboncoinTestUITests.xctest; sourceTree = BUILT_PRODUCTS_DIR; };
		3D933FFB2800E36F0002B11D /* LeboncoinTestUITests.swift */ = {isa = PBXFileReference; lastKnownFileType = sourcecode.swift; path = LeboncoinTestUITests.swift; sourceTree = "<group>"; };
		3D933FFD2800E36F0002B11D /* LeboncoinTestUITestsLaunchTests.swift */ = {isa = PBXFileReference; lastKnownFileType = sourcecode.swift; path = LeboncoinTestUITestsLaunchTests.swift; sourceTree = "<group>"; };
		3D9340122800EA710002B11D /* HTTPMethod.swift */ = {isa = PBXFileReference; lastKnownFileType = sourcecode.swift; path = HTTPMethod.swift; sourceTree = "<group>"; };
		3D9340142800EA820002B11D /* ServiceError.swift */ = {isa = PBXFileReference; lastKnownFileType = sourcecode.swift; path = ServiceError.swift; sourceTree = "<group>"; };
		3D9340162800EA9B0002B11D /* HTTPRequestProtocol.swift */ = {isa = PBXFileReference; lastKnownFileType = sourcecode.swift; path = HTTPRequestProtocol.swift; sourceTree = "<group>"; };
		3D9340182800EAF10002B11D /* NetworkClientProtocol.swift */ = {isa = PBXFileReference; lastKnownFileType = sourcecode.swift; path = NetworkClientProtocol.swift; sourceTree = "<group>"; };
		3D93401A2800EB270002B11D /* NetworkClient.swift */ = {isa = PBXFileReference; lastKnownFileType = sourcecode.swift; path = NetworkClient.swift; sourceTree = "<group>"; };
		3D93401D2800EC320002B11D /* URLSession+Extension.swift */ = {isa = PBXFileReference; lastKnownFileType = sourcecode.swift; path = "URLSession+Extension.swift"; sourceTree = "<group>"; };
		3D9340212800F3FD0002B11D /* AdService.swift */ = {isa = PBXFileReference; lastKnownFileType = sourcecode.swift; path = AdService.swift; sourceTree = "<group>"; };
		3D9340232800F4750002B11D /* AdRequest.swift */ = {isa = PBXFileReference; lastKnownFileType = sourcecode.swift; path = AdRequest.swift; sourceTree = "<group>"; };
		3D93402A2800F5E00002B11D /* AdData.swift */ = {isa = PBXFileReference; lastKnownFileType = sourcecode.swift; path = AdData.swift; sourceTree = "<group>"; };
		3D93402C2800F61E0002B11D /* AdDataImageURL.swift */ = {isa = PBXFileReference; lastKnownFileType = sourcecode.swift; path = AdDataImageURL.swift; sourceTree = "<group>"; };
		3D93402E2800F7930002B11D /* URLSessionFake.swift */ = {isa = PBXFileReference; lastKnownFileType = sourcecode.swift; path = URLSessionFake.swift; sourceTree = "<group>"; };
		3D9340302800F7D00002B11D /* FakeResponseData.swift */ = {isa = PBXFileReference; lastKnownFileType = sourcecode.swift; path = FakeResponseData.swift; sourceTree = "<group>"; };
		3D9340322800F8070002B11D /* Listing.json */ = {isa = PBXFileReference; lastKnownFileType = text.json; path = Listing.json; sourceTree = "<group>"; };
		3D9340352800F92E0002B11D /* AdServiceTestCase.swift */ = {isa = PBXFileReference; lastKnownFileType = sourcecode.swift; path = AdServiceTestCase.swift; sourceTree = "<group>"; };
		3D98869F280184A500FF8D10 /* AdUsecase.swift */ = {isa = PBXFileReference; lastKnownFileType = sourcecode.swift; path = AdUsecase.swift; sourceTree = "<group>"; };
		3D9886A328018AC800FF8D10 /* Logger.swift */ = {isa = PBXFileReference; lastKnownFileType = sourcecode.swift; path = Logger.swift; sourceTree = "<group>"; };
		3D9886A6280197B900FF8D10 /* AdListViewModel.swift */ = {isa = PBXFileReference; lastKnownFileType = sourcecode.swift; path = AdListViewModel.swift; sourceTree = "<group>"; };
		3D9886A92801980600FF8D10 /* AdListViewController.swift */ = {isa = PBXFileReference; lastKnownFileType = sourcecode.swift; path = AdListViewController.swift; sourceTree = "<group>"; };
		3D9886AC2801995200FF8D10 /* AppCoordinator.swift */ = {isa = PBXFileReference; lastKnownFileType = sourcecode.swift; path = AppCoordinator.swift; sourceTree = "<group>"; };
		3D9886AE2801997500FF8D10 /* CoordinatorProtocol.swift */ = {isa = PBXFileReference; lastKnownFileType = sourcecode.swift; path = CoordinatorProtocol.swift; sourceTree = "<group>"; };
		3D9886B0280199D800FF8D10 /* AdListCoordinator.swift */ = {isa = PBXFileReference; lastKnownFileType = sourcecode.swift; path = AdListCoordinator.swift; sourceTree = "<group>"; };
		3D9886B62801B0FA00FF8D10 /* Localizable.swift */ = {isa = PBXFileReference; lastKnownFileType = sourcecode.swift; path = Localizable.swift; sourceTree = "<group>"; };
		3D9886BA2801B1AC00FF8D10 /* fr */ = {isa = PBXFileReference; lastKnownFileType = text.plist.strings; name = fr; path = fr.lproj/Localizable.strings; sourceTree = "<group>"; };
		3D9886BC2801B1AF00FF8D10 /* en */ = {isa = PBXFileReference; lastKnownFileType = text.plist.strings; name = en; path = en.lproj/Localizable.strings; sourceTree = "<group>"; };
		3D9886BE2801B58000FF8D10 /* UIColor+Extension.swift */ = {isa = PBXFileReference; lastKnownFileType = sourcecode.swift; path = "UIColor+Extension.swift"; sourceTree = "<group>"; };
		3D9886C92801C00200FF8D10 /* AdModel.swift */ = {isa = PBXFileReference; lastKnownFileType = sourcecode.swift; path = AdModel.swift; sourceTree = "<group>"; };
		3D9886CB2801C02500FF8D10 /* AdDomain+Extension.swift */ = {isa = PBXFileReference; lastKnownFileType = sourcecode.swift; path = "AdDomain+Extension.swift"; sourceTree = "<group>"; };
		3DD966682801C6FD002A3834 /* AdListTableViewCell.swift */ = {isa = PBXFileReference; lastKnownFileType = sourcecode.swift; path = AdListTableViewCell.swift; sourceTree = "<group>"; };
		3DD9666A2801C75D002A3834 /* UITableView+Extension.swift */ = {isa = PBXFileReference; lastKnownFileType = sourcecode.swift; path = "UITableView+Extension.swift"; sourceTree = "<group>"; };
		3DD9666D2801C7A2002A3834 /* ReusableViewProtocol.swift */ = {isa = PBXFileReference; lastKnownFileType = sourcecode.swift; path = ReusableViewProtocol.swift; sourceTree = "<group>"; };
		3DD9666F2801C7D1002A3834 /* UITableViewCell+Extension.swift */ = {isa = PBXFileReference; lastKnownFileType = sourcecode.swift; path = "UITableViewCell+Extension.swift"; sourceTree = "<group>"; };
		3DD966712801D08E002A3834 /* TableViewDataSource.swift */ = {isa = PBXFileReference; lastKnownFileType = sourcecode.swift; path = TableViewDataSource.swift; sourceTree = "<group>"; };
/* End PBXFileReference section */

/* Begin PBXFrameworksBuildPhase section */
		3D933FD42800E36B0002B11D /* Frameworks */ = {
			isa = PBXFrameworksBuildPhase;
			buildActionMask = 2147483647;
			files = (
			);
			runOnlyForDeploymentPostprocessing = 0;
		};
		3D933FEA2800E36F0002B11D /* Frameworks */ = {
			isa = PBXFrameworksBuildPhase;
			buildActionMask = 2147483647;
			files = (
			);
			runOnlyForDeploymentPostprocessing = 0;
		};
		3D933FF42800E36F0002B11D /* Frameworks */ = {
			isa = PBXFrameworksBuildPhase;
			buildActionMask = 2147483647;
			files = (
			);
			runOnlyForDeploymentPostprocessing = 0;
		};
/* End PBXFrameworksBuildPhase section */

/* Begin PBXGroup section */
		3D4DA12D280108500039EE02 /* Category */ = {
			isa = PBXGroup;
			children = (
				3D4DA130280108910039EE02 /* CategoryService.swift */,
				3D4DA14028010D8A0039EE02 /* CategoryServiceProtocol.swift */,
				3D4DA12E280108680039EE02 /* CategoryRequest.swift */,
			);
			path = Category;
			sourceTree = "<group>";
		};
		3D4DA1342801091F0039EE02 /* CategoryServiceTests */ = {
			isa = PBXGroup;
			children = (
				3D4DA137280109560039EE02 /* Categories.json */,
				3D4DA139280109760039EE02 /* CategoryServiceTestCase.swift */,
			);
			path = CategoryServiceTests;
			sourceTree = "<group>";
		};
		3D4DA13B28010C110039EE02 /* Repositories */ = {
			isa = PBXGroup;
			children = (
				3D4DA13C28010C290039EE02 /* AdRepository.swift */,
				3D791C812802E51F006F1F1C /* CategoryRepository.swift */,
			);
			path = Repositories;
			sourceTree = "<group>";
		};
		3D4DA14228010E2E0039EE02 /* Domain */ = {
			isa = PBXGroup;
			children = (
				3D98869E2801849000FF8D10 /* Usecases */,
				3D4DA14328010E390039EE02 /* Protocols */,
				3D4DA14628010E6F0039EE02 /* Models */,
			);
			path = Domain;
			sourceTree = "<group>";
		};
		3D4DA14328010E390039EE02 /* Protocols */ = {
			isa = PBXGroup;
			children = (
				3D4DA14428010E560039EE02 /* AdProtocols.swift */,
				3D791C832802E557006F1F1C /* CategoryProtocols.swift */,
			);
			path = Protocols;
			sourceTree = "<group>";
		};
		3D4DA14628010E6F0039EE02 /* Models */ = {
			isa = PBXGroup;
			children = (
				3D4DA14728010E820039EE02 /* AdDomain.swift */,
				3D791C852802E57A006F1F1C /* CategoryDomain.swift */,
			);
			path = Models;
			sourceTree = "<group>";
		};
		3D4DA14928010EB80039EE02 /* Mappers */ = {
			isa = PBXGroup;
			children = (
				3D4DA14A28010ECB0039EE02 /* AdData+Extension.swift */,
				3D791C872802E5E6006F1F1C /* CategoryData+Extension.swift */,
			);
			path = Mappers;
			sourceTree = "<group>";
		};
		3D4DA14C280110EA0039EE02 /* Extensions */ = {
			isa = PBXGroup;
			children = (
				3D4DA14D280111000039EE02 /* DateFormatter+Extension.swift */,
				3D4DA14F280111F00039EE02 /* String+Extension.swift */,
			);
			path = Extensions;
			sourceTree = "<group>";
		};
		3D933FCE2800E36B0002B11D = {
			isa = PBXGroup;
			children = (
				3D933FD92800E36B0002B11D /* LeboncoinTest */,
				3D933FF02800E36F0002B11D /* LeboncoinTestTests */,
				3D933FFA2800E36F0002B11D /* LeboncoinTestUITests */,
				3D933FD82800E36B0002B11D /* Products */,
			);
			sourceTree = "<group>";
		};
		3D933FD82800E36B0002B11D /* Products */ = {
			isa = PBXGroup;
			children = (
				3D933FD72800E36B0002B11D /* LeboncoinTest.app */,
				3D933FED2800E36F0002B11D /* LeboncoinTestTests.xctest */,
				3D933FF72800E36F0002B11D /* LeboncoinTestUITests.xctest */,
			);
			name = Products;
			sourceTree = "<group>";
		};
		3D933FD92800E36B0002B11D /* LeboncoinTest */ = {
			isa = PBXGroup;
			children = (
				3D93400C2800E7590002B11D /* SupportingFiles */,
				3D93400B2800E74B0002B11D /* Sources */,
			);
			path = LeboncoinTest;
			sourceTree = "<group>";
		};
		3D933FF02800E36F0002B11D /* LeboncoinTestTests */ = {
			isa = PBXGroup;
			children = (
				3D4DA1342801091F0039EE02 /* CategoryServiceTests */,
				3D9340342800F9050002B11D /* AdServiceTests */,
				3D93402E2800F7930002B11D /* URLSessionFake.swift */,
				3D9340302800F7D00002B11D /* FakeResponseData.swift */,
			);
			path = LeboncoinTestTests;
			sourceTree = "<group>";
		};
		3D933FFA2800E36F0002B11D /* LeboncoinTestUITests */ = {
			isa = PBXGroup;
			children = (
				3D933FFB2800E36F0002B11D /* LeboncoinTestUITests.swift */,
				3D933FFD2800E36F0002B11D /* LeboncoinTestUITestsLaunchTests.swift */,
			);
			path = LeboncoinTestUITests;
			sourceTree = "<group>";
		};
		3D93400B2800E74B0002B11D /* Sources */ = {
			isa = PBXGroup;
			children = (
				3D93400E2800E9A50002B11D /* Presentation */,
				3D4DA14228010E2E0039EE02 /* Domain */,
				3D93400D2800E9920002B11D /* Data */,
			);
			path = Sources;
			sourceTree = "<group>";
		};
		3D93400C2800E7590002B11D /* SupportingFiles */ = {
			isa = PBXGroup;
			children = (
				3D9886B32801B0D100FF8D10 /* Localizable */,
				3D933FE32800E36E0002B11D /* Assets.xcassets */,
				3D933FE52800E36E0002B11D /* LaunchScreen.storyboard */,
				3D933FE82800E36E0002B11D /* Info.plist */,
				3D933FDA2800E36B0002B11D /* AppDelegate.swift */,
				3D933FDC2800E36B0002B11D /* SceneDelegate.swift */,
				3D9886A328018AC800FF8D10 /* Logger.swift */,
			);
			path = SupportingFiles;
			sourceTree = "<group>";
		};
		3D93400D2800E9920002B11D /* Data */ = {
			isa = PBXGroup;
			children = (
				3D4DA14C280110EA0039EE02 /* Extensions */,
				3D4DA14928010EB80039EE02 /* Mappers */,
				3D4DA13B28010C110039EE02 /* Repositories */,
				3D9340272800F5B80002B11D /* Models */,
				3D93401F2800F34F0002B11D /* Services */,
			);
			path = Data;
			sourceTree = "<group>";
		};
		3D93400E2800E9A50002B11D /* Presentation */ = {
			isa = PBXGroup;
			children = (
				3DD9666C2801C791002A3834 /* Helpers */,
				3D9886BD2801B57000FF8D10 /* Extensions */,
				3D9886C72801BFAD00FF8D10 /* Mappers */,
				3D9886C82801BFCA00FF8D10 /* Models */,
				3DD966672801C6D7002A3834 /* Views */,
				3D9886A8280197D800FF8D10 /* ViewControllers */,
				3D9886A5280197A000FF8D10 /* ViewModels */,
				3D9886AB2801992F00FF8D10 /* Coordinators */,
			);
			path = Presentation;
			sourceTree = "<group>";
		};
		3D9340112800EA540002B11D /* Network */ = {
			isa = PBXGroup;
			children = (
				3D93401A2800EB270002B11D /* NetworkClient.swift */,
				3D9340182800EAF10002B11D /* NetworkClientProtocol.swift */,
				3D9340162800EA9B0002B11D /* HTTPRequestProtocol.swift */,
				3D9340122800EA710002B11D /* HTTPMethod.swift */,
				3D9340142800EA820002B11D /* ServiceError.swift */,
			);
			path = Network;
			sourceTree = "<group>";
		};
		3D93401C2800EBD70002B11D /* Extensions */ = {
			isa = PBXGroup;
			children = (
				3D93401D2800EC320002B11D /* URLSession+Extension.swift */,
			);
			path = Extensions;
			sourceTree = "<group>";
		};
		3D93401F2800F34F0002B11D /* Services */ = {
			isa = PBXGroup;
			children = (
				3D93401C2800EBD70002B11D /* Extensions */,
				3D9340112800EA540002B11D /* Network */,
				3D9340202800F3D50002B11D /* Ad */,
				3D4DA12D280108500039EE02 /* Category */,
			);
			path = Services;
			sourceTree = "<group>";
		};
		3D9340202800F3D50002B11D /* Ad */ = {
			isa = PBXGroup;
			children = (
				3D9340212800F3FD0002B11D /* AdService.swift */,
				3D4DA13E28010D650039EE02 /* AdServiceProtocol.swift */,
				3D9340232800F4750002B11D /* AdRequest.swift */,
			);
			path = Ad;
			sourceTree = "<group>";
		};
		3D9340272800F5B80002B11D /* Models */ = {
			isa = PBXGroup;
			children = (
				3D93402A2800F5E00002B11D /* AdData.swift */,
				3D93402C2800F61E0002B11D /* AdDataImageURL.swift */,
				3D4DA132280108D20039EE02 /* CategoryData.swift */,
			);
			path = Models;
			sourceTree = "<group>";
		};
		3D9340342800F9050002B11D /* AdServiceTests */ = {
			isa = PBXGroup;
			children = (
				3D9340322800F8070002B11D /* Listing.json */,
				3D9340352800F92E0002B11D /* AdServiceTestCase.swift */,
			);
			path = AdServiceTests;
			sourceTree = "<group>";
		};
		3D98869E2801849000FF8D10 /* Usecases */ = {
			isa = PBXGroup;
			children = (
				3D98869F280184A500FF8D10 /* AdUsecase.swift */,
				3D791C892802E625006F1F1C /* CategoryUsecase.swift */,
			);
			path = Usecases;
			sourceTree = "<group>";
		};
		3D9886A5280197A000FF8D10 /* ViewModels */ = {
			isa = PBXGroup;
			children = (
				3D9886A6280197B900FF8D10 /* AdListViewModel.swift */,
				3D60940A28021186007CC14A /* AdDetailViewModel.swift */,
				3D791C8B2802E704006F1F1C /* FilterViewModel.swift */,
			);
			path = ViewModels;
			sourceTree = "<group>";
		};
		3D9886A8280197D800FF8D10 /* ViewControllers */ = {
			isa = PBXGroup;
			children = (
				3D9886A92801980600FF8D10 /* AdListViewController.swift */,
				3D60940828021155007CC14A /* AdDetailViewController.swift */,
				3D791C992802EB3E006F1F1C /* FilterViewController.swift */,
			);
			path = ViewControllers;
			sourceTree = "<group>";
		};
		3D9886AB2801992F00FF8D10 /* Coordinators */ = {
			isa = PBXGroup;
			children = (
				3D9886AC2801995200FF8D10 /* AppCoordinator.swift */,
				3D9886AE2801997500FF8D10 /* CoordinatorProtocol.swift */,
				3D9886B0280199D800FF8D10 /* AdListCoordinator.swift */,
				3D791C972802EB04006F1F1C /* FilterCoordinator.swift */,
			);
			path = Coordinators;
			sourceTree = "<group>";
		};
		3D9886B32801B0D100FF8D10 /* Localizable */ = {
			isa = PBXGroup;
			children = (
				3D9886BB2801B1AC00FF8D10 /* Localizable.strings */,
				3D9886B62801B0FA00FF8D10 /* Localizable.swift */,
			);
			path = Localizable;
			sourceTree = "<group>";
		};
		3D9886BD2801B57000FF8D10 /* Extensions */ = {
			isa = PBXGroup;
			children = (
				3D9886BE2801B58000FF8D10 /* UIColor+Extension.swift */,
				3DD9666A2801C75D002A3834 /* UITableView+Extension.swift */,
				3DD9666F2801C7D1002A3834 /* UITableViewCell+Extension.swift */,
				3D6094062801F21D007CC14A /* UIImageView+Extension.swift */,
			);
			path = Extensions;
			sourceTree = "<group>";
		};
		3D9886C72801BFAD00FF8D10 /* Mappers */ = {
			isa = PBXGroup;
			children = (
				3D9886CB2801C02500FF8D10 /* AdDomain+Extension.swift */,
				3D791C8F2802E78D006F1F1C /* CategoryDomain+Extension.swift */,
			);
			path = Mappers;
			sourceTree = "<group>";
		};
		3D9886C82801BFCA00FF8D10 /* Models */ = {
			isa = PBXGroup;
			children = (
				3D9886C92801C00200FF8D10 /* AdModel.swift */,
				3D791C8D2802E75D006F1F1C /* CategoryModel.swift */,
			);
			path = Models;
			sourceTree = "<group>";
		};
		3DD966672801C6D7002A3834 /* Views */ = {
			isa = PBXGroup;
			children = (
				3DD966682801C6FD002A3834 /* AdListTableViewCell.swift */,
			);
			path = Views;
			sourceTree = "<group>";
		};
		3DD9666C2801C791002A3834 /* Helpers */ = {
			isa = PBXGroup;
			children = (
				3DD9666D2801C7A2002A3834 /* ReusableViewProtocol.swift */,
				3DD966712801D08E002A3834 /* TableViewDataSource.swift */,
				3D60940C280223C8007CC14A /* PaddingLabel.swift */,
			);
			path = Helpers;
			sourceTree = "<group>";
		};
/* End PBXGroup section */

/* Begin PBXNativeTarget section */
		3D933FD62800E36B0002B11D /* LeboncoinTest */ = {
			isa = PBXNativeTarget;
			buildConfigurationList = 3D9340012800E36F0002B11D /* Build configuration list for PBXNativeTarget "LeboncoinTest" */;
			buildPhases = (
				3D933FD32800E36B0002B11D /* Sources */,
				3D933FD42800E36B0002B11D /* Frameworks */,
				3D933FD52800E36B0002B11D /* Resources */,
				3D93400A2800E4BA0002B11D /* ShellScript */,
			);
			buildRules = (
			);
			dependencies = (
			);
			name = LeboncoinTest;
			productName = LeboncoinTest;
			productReference = 3D933FD72800E36B0002B11D /* LeboncoinTest.app */;
			productType = "com.apple.product-type.application";
		};
		3D933FEC2800E36F0002B11D /* LeboncoinTestTests */ = {
			isa = PBXNativeTarget;
			buildConfigurationList = 3D9340042800E36F0002B11D /* Build configuration list for PBXNativeTarget "LeboncoinTestTests" */;
			buildPhases = (
				3D933FE92800E36F0002B11D /* Sources */,
				3D933FEA2800E36F0002B11D /* Frameworks */,
				3D933FEB2800E36F0002B11D /* Resources */,
			);
			buildRules = (
			);
			dependencies = (
				3D933FEF2800E36F0002B11D /* PBXTargetDependency */,
			);
			name = LeboncoinTestTests;
			productName = LeboncoinTestTests;
			productReference = 3D933FED2800E36F0002B11D /* LeboncoinTestTests.xctest */;
			productType = "com.apple.product-type.bundle.unit-test";
		};
		3D933FF62800E36F0002B11D /* LeboncoinTestUITests */ = {
			isa = PBXNativeTarget;
			buildConfigurationList = 3D9340072800E36F0002B11D /* Build configuration list for PBXNativeTarget "LeboncoinTestUITests" */;
			buildPhases = (
				3D933FF32800E36F0002B11D /* Sources */,
				3D933FF42800E36F0002B11D /* Frameworks */,
				3D933FF52800E36F0002B11D /* Resources */,
			);
			buildRules = (
			);
			dependencies = (
				3D933FF92800E36F0002B11D /* PBXTargetDependency */,
			);
			name = LeboncoinTestUITests;
			productName = LeboncoinTestUITests;
			productReference = 3D933FF72800E36F0002B11D /* LeboncoinTestUITests.xctest */;
			productType = "com.apple.product-type.bundle.ui-testing";
		};
/* End PBXNativeTarget section */

/* Begin PBXProject section */
		3D933FCF2800E36B0002B11D /* Project object */ = {
			isa = PBXProject;
			attributes = {
				BuildIndependentTargetsInParallel = 1;
				LastSwiftUpdateCheck = 1320;
				LastUpgradeCheck = 1320;
				TargetAttributes = {
					3D933FD62800E36B0002B11D = {
						CreatedOnToolsVersion = 13.2.1;
					};
					3D933FEC2800E36F0002B11D = {
						CreatedOnToolsVersion = 13.2.1;
						TestTargetID = 3D933FD62800E36B0002B11D;
					};
					3D933FF62800E36F0002B11D = {
						CreatedOnToolsVersion = 13.2.1;
						TestTargetID = 3D933FD62800E36B0002B11D;
					};
				};
			};
			buildConfigurationList = 3D933FD22800E36B0002B11D /* Build configuration list for PBXProject "LeboncoinTest" */;
			compatibilityVersion = "Xcode 13.0";
			developmentRegion = fr;
			hasScannedForEncodings = 0;
			knownRegions = (
				Base,
				fr,
				en,
			);
			mainGroup = 3D933FCE2800E36B0002B11D;
			productRefGroup = 3D933FD82800E36B0002B11D /* Products */;
			projectDirPath = "";
			projectRoot = "";
			targets = (
				3D933FD62800E36B0002B11D /* LeboncoinTest */,
				3D933FEC2800E36F0002B11D /* LeboncoinTestTests */,
				3D933FF62800E36F0002B11D /* LeboncoinTestUITests */,
			);
		};
/* End PBXProject section */

/* Begin PBXResourcesBuildPhase section */
		3D933FD52800E36B0002B11D /* Resources */ = {
			isa = PBXResourcesBuildPhase;
			buildActionMask = 2147483647;
			files = (
				3D933FE72800E36E0002B11D /* LaunchScreen.storyboard in Resources */,
				3D9886B92801B1AC00FF8D10 /* Localizable.strings in Resources */,
				3D933FE42800E36E0002B11D /* Assets.xcassets in Resources */,
			);
			runOnlyForDeploymentPostprocessing = 0;
		};
		3D933FEB2800E36F0002B11D /* Resources */ = {
			isa = PBXResourcesBuildPhase;
			buildActionMask = 2147483647;
			files = (
				3D9340332800F8070002B11D /* Listing.json in Resources */,
				3D4DA138280109560039EE02 /* Categories.json in Resources */,
			);
			runOnlyForDeploymentPostprocessing = 0;
		};
		3D933FF52800E36F0002B11D /* Resources */ = {
			isa = PBXResourcesBuildPhase;
			buildActionMask = 2147483647;
			files = (
			);
			runOnlyForDeploymentPostprocessing = 0;
		};
/* End PBXResourcesBuildPhase section */

/* Begin PBXShellScriptBuildPhase section */
		3D93400A2800E4BA0002B11D /* ShellScript */ = {
			isa = PBXShellScriptBuildPhase;
			buildActionMask = 2147483647;
			files = (
			);
			inputFileListPaths = (
			);
			inputPaths = (
			);
			outputFileListPaths = (
			);
			outputPaths = (
			);
			runOnlyForDeploymentPostprocessing = 0;
			shellPath = /bin/sh;
			shellScript = "if which swiftlint > /dev/null; then\n  swiftlint\nelse\n  echo \"warning: SwiftLint not installed, download from https://github.com/realm/SwiftLint\"\nfi\n";
		};
/* End PBXShellScriptBuildPhase section */

/* Begin PBXSourcesBuildPhase section */
		3D933FD32800E36B0002B11D /* Sources */ = {
			isa = PBXSourcesBuildPhase;
			buildActionMask = 2147483647;
			files = (
				3D6094072801F21D007CC14A /* UIImageView+Extension.swift in Sources */,
				3D9886A0280184A500FF8D10 /* AdUsecase.swift in Sources */,
				3D60940928021155007CC14A /* AdDetailViewController.swift in Sources */,
				3D9886AA2801980600FF8D10 /* AdListViewController.swift in Sources */,
				3D9340152800EA820002B11D /* ServiceError.swift in Sources */,
				3D9886A428018AC800FF8D10 /* Logger.swift in Sources */,
				3D9340132800EA710002B11D /* HTTPMethod.swift in Sources */,
				3D791C8A2802E625006F1F1C /* CategoryUsecase.swift in Sources */,
				3D4DA14528010E560039EE02 /* AdProtocols.swift in Sources */,
				3D9340242800F4750002B11D /* AdRequest.swift in Sources */,
				3DD966702801C7D1002A3834 /* UITableViewCell+Extension.swift in Sources */,
				3D60940D280223C8007CC14A /* PaddingLabel.swift in Sources */,
				3D93402D2800F61E0002B11D /* AdDataImageURL.swift in Sources */,
				3D791C8E2802E75D006F1F1C /* CategoryModel.swift in Sources */,
				3D9886B72801B0FA00FF8D10 /* Localizable.swift in Sources */,
				3D791C822802E51F006F1F1C /* CategoryRepository.swift in Sources */,
				3D9340222800F3FD0002B11D /* AdService.swift in Sources */,
				3D9886B1280199D800FF8D10 /* AdListCoordinator.swift in Sources */,
				3D791C9A2802EB3E006F1F1C /* FilterViewController.swift in Sources */,
				3D60940B28021186007CC14A /* AdDetailViewModel.swift in Sources */,
				3DD9666B2801C75D002A3834 /* UITableView+Extension.swift in Sources */,
				3D9886CA2801C00200FF8D10 /* AdModel.swift in Sources */,
				3D4DA14E280111000039EE02 /* DateFormatter+Extension.swift in Sources */,
				3D9886AF2801997500FF8D10 /* CoordinatorProtocol.swift in Sources */,
				3D791C842802E557006F1F1C /* CategoryProtocols.swift in Sources */,
				3D4DA133280108D20039EE02 /* CategoryData.swift in Sources */,
				3D9340192800EAF10002B11D /* NetworkClientProtocol.swift in Sources */,
				3D4DA13D28010C290039EE02 /* AdRepository.swift in Sources */,
				3D93402B2800F5E00002B11D /* AdData.swift in Sources */,
				3D933FDB2800E36B0002B11D /* AppDelegate.swift in Sources */,
				3D9886A7280197B900FF8D10 /* AdListViewModel.swift in Sources */,
				3D4DA14B28010ECB0039EE02 /* AdData+Extension.swift in Sources */,
				3DD9666E2801C7A2002A3834 /* ReusableViewProtocol.swift in Sources */,
				3D4DA131280108910039EE02 /* CategoryService.swift in Sources */,
				3D9886CC2801C02500FF8D10 /* AdDomain+Extension.swift in Sources */,
				3D791C902802E78D006F1F1C /* CategoryDomain+Extension.swift in Sources */,
				3D791C882802E5E6006F1F1C /* CategoryData+Extension.swift in Sources */,
				3D4DA13F28010D650039EE02 /* AdServiceProtocol.swift in Sources */,
				3D4DA150280111F00039EE02 /* String+Extension.swift in Sources */,
				3D9886BF2801B58000FF8D10 /* UIColor+Extension.swift in Sources */,
				3D791C862802E57A006F1F1C /* CategoryDomain.swift in Sources */,
				3D9886AD2801995200FF8D10 /* AppCoordinator.swift in Sources */,
				3D4DA14128010D8A0039EE02 /* CategoryServiceProtocol.swift in Sources */,
				3DD966692801C6FD002A3834 /* AdListTableViewCell.swift in Sources */,
				3D4DA14828010E820039EE02 /* AdDomain.swift in Sources */,
				3D791C982802EB04006F1F1C /* FilterCoordinator.swift in Sources */,
				3D791C8C2802E704006F1F1C /* FilterViewModel.swift in Sources */,
				3D4DA12F280108680039EE02 /* CategoryRequest.swift in Sources */,
				3D93401E2800EC320002B11D /* URLSession+Extension.swift in Sources */,
				3D933FDD2800E36B0002B11D /* SceneDelegate.swift in Sources */,
				3DD966722801D08E002A3834 /* TableViewDataSource.swift in Sources */,
				3D9340172800EA9B0002B11D /* HTTPRequestProtocol.swift in Sources */,
				3D93401B2800EB270002B11D /* NetworkClient.swift in Sources */,
			);
			runOnlyForDeploymentPostprocessing = 0;
		};
		3D933FE92800E36F0002B11D /* Sources */ = {
			isa = PBXSourcesBuildPhase;
			buildActionMask = 2147483647;
			files = (
				3D9340362800F92E0002B11D /* AdServiceTestCase.swift in Sources */,
				3D93402F2800F7930002B11D /* URLSessionFake.swift in Sources */,
				3D9340312800F7D00002B11D /* FakeResponseData.swift in Sources */,
				3D4DA13A280109760039EE02 /* CategoryServiceTestCase.swift in Sources */,
			);
			runOnlyForDeploymentPostprocessing = 0;
		};
		3D933FF32800E36F0002B11D /* Sources */ = {
			isa = PBXSourcesBuildPhase;
			buildActionMask = 2147483647;
			files = (
				3D933FFE2800E36F0002B11D /* LeboncoinTestUITestsLaunchTests.swift in Sources */,
				3D933FFC2800E36F0002B11D /* LeboncoinTestUITests.swift in Sources */,
			);
			runOnlyForDeploymentPostprocessing = 0;
		};
/* End PBXSourcesBuildPhase section */

/* Begin PBXTargetDependency section */
		3D933FEF2800E36F0002B11D /* PBXTargetDependency */ = {
			isa = PBXTargetDependency;
			target = 3D933FD62800E36B0002B11D /* LeboncoinTest */;
			targetProxy = 3D933FEE2800E36F0002B11D /* PBXContainerItemProxy */;
		};
		3D933FF92800E36F0002B11D /* PBXTargetDependency */ = {
			isa = PBXTargetDependency;
			target = 3D933FD62800E36B0002B11D /* LeboncoinTest */;
			targetProxy = 3D933FF82800E36F0002B11D /* PBXContainerItemProxy */;
		};
/* End PBXTargetDependency section */

/* Begin PBXVariantGroup section */
		3D933FE52800E36E0002B11D /* LaunchScreen.storyboard */ = {
			isa = PBXVariantGroup;
			children = (
				3D933FE62800E36E0002B11D /* Base */,
			);
			name = LaunchScreen.storyboard;
			sourceTree = "<group>";
		};
		3D9886BB2801B1AC00FF8D10 /* Localizable.strings */ = {
			isa = PBXVariantGroup;
			children = (
				3D9886BA2801B1AC00FF8D10 /* fr */,
				3D9886BC2801B1AF00FF8D10 /* en */,
			);
			name = Localizable.strings;
			sourceTree = "<group>";
		};
/* End PBXVariantGroup section */

/* Begin XCBuildConfiguration section */
		3D933FFF2800E36F0002B11D /* Debug */ = {
			isa = XCBuildConfiguration;
			buildSettings = {
				ALWAYS_SEARCH_USER_PATHS = NO;
				CLANG_ANALYZER_LOCALIZABILITY_NONLOCALIZED = YES;
				CLANG_ANALYZER_NONNULL = YES;
				CLANG_ANALYZER_NUMBER_OBJECT_CONVERSION = YES_AGGRESSIVE;
				CLANG_CXX_LANGUAGE_STANDARD = "gnu++17";
				CLANG_CXX_LIBRARY = "libc++";
				CLANG_ENABLE_MODULES = YES;
				CLANG_ENABLE_OBJC_ARC = YES;
				CLANG_ENABLE_OBJC_WEAK = YES;
				CLANG_WARN_BLOCK_CAPTURE_AUTORELEASING = YES;
				CLANG_WARN_BOOL_CONVERSION = YES;
				CLANG_WARN_COMMA = YES;
				CLANG_WARN_CONSTANT_CONVERSION = YES;
				CLANG_WARN_DEPRECATED_OBJC_IMPLEMENTATIONS = YES;
				CLANG_WARN_DIRECT_OBJC_ISA_USAGE = YES_ERROR;
				CLANG_WARN_DOCUMENTATION_COMMENTS = YES;
				CLANG_WARN_EMPTY_BODY = YES;
				CLANG_WARN_ENUM_CONVERSION = YES;
				CLANG_WARN_INFINITE_RECURSION = YES;
				CLANG_WARN_INT_CONVERSION = YES;
				CLANG_WARN_NON_LITERAL_NULL_CONVERSION = YES;
				CLANG_WARN_OBJC_IMPLICIT_RETAIN_SELF = YES;
				CLANG_WARN_OBJC_LITERAL_CONVERSION = YES;
				CLANG_WARN_OBJC_ROOT_CLASS = YES_ERROR;
				CLANG_WARN_QUOTED_INCLUDE_IN_FRAMEWORK_HEADER = YES;
				CLANG_WARN_RANGE_LOOP_ANALYSIS = YES;
				CLANG_WARN_STRICT_PROTOTYPES = YES;
				CLANG_WARN_SUSPICIOUS_MOVE = YES;
				CLANG_WARN_UNGUARDED_AVAILABILITY = YES_AGGRESSIVE;
				CLANG_WARN_UNREACHABLE_CODE = YES;
				CLANG_WARN__DUPLICATE_METHOD_MATCH = YES;
				COPY_PHASE_STRIP = NO;
				DEBUG_INFORMATION_FORMAT = dwarf;
				ENABLE_STRICT_OBJC_MSGSEND = YES;
				ENABLE_TESTABILITY = YES;
				GCC_C_LANGUAGE_STANDARD = gnu11;
				GCC_DYNAMIC_NO_PIC = NO;
				GCC_NO_COMMON_BLOCKS = YES;
				GCC_OPTIMIZATION_LEVEL = 0;
				GCC_PREPROCESSOR_DEFINITIONS = (
					"DEBUG=1",
					"$(inherited)",
				);
				GCC_WARN_64_TO_32_BIT_CONVERSION = YES;
				GCC_WARN_ABOUT_RETURN_TYPE = YES_ERROR;
				GCC_WARN_UNDECLARED_SELECTOR = YES;
				GCC_WARN_UNINITIALIZED_AUTOS = YES_AGGRESSIVE;
				GCC_WARN_UNUSED_FUNCTION = YES;
				GCC_WARN_UNUSED_VARIABLE = YES;
				IPHONEOS_DEPLOYMENT_TARGET = 14.0;
				MTL_ENABLE_DEBUG_INFO = INCLUDE_SOURCE;
				MTL_FAST_MATH = YES;
				ONLY_ACTIVE_ARCH = YES;
				SDKROOT = iphoneos;
				SWIFT_ACTIVE_COMPILATION_CONDITIONS = DEBUG;
				SWIFT_OPTIMIZATION_LEVEL = "-Onone";
			};
			name = Debug;
		};
		3D9340002800E36F0002B11D /* Release */ = {
			isa = XCBuildConfiguration;
			buildSettings = {
				ALWAYS_SEARCH_USER_PATHS = NO;
				CLANG_ANALYZER_LOCALIZABILITY_NONLOCALIZED = YES;
				CLANG_ANALYZER_NONNULL = YES;
				CLANG_ANALYZER_NUMBER_OBJECT_CONVERSION = YES_AGGRESSIVE;
				CLANG_CXX_LANGUAGE_STANDARD = "gnu++17";
				CLANG_CXX_LIBRARY = "libc++";
				CLANG_ENABLE_MODULES = YES;
				CLANG_ENABLE_OBJC_ARC = YES;
				CLANG_ENABLE_OBJC_WEAK = YES;
				CLANG_WARN_BLOCK_CAPTURE_AUTORELEASING = YES;
				CLANG_WARN_BOOL_CONVERSION = YES;
				CLANG_WARN_COMMA = YES;
				CLANG_WARN_CONSTANT_CONVERSION = YES;
				CLANG_WARN_DEPRECATED_OBJC_IMPLEMENTATIONS = YES;
				CLANG_WARN_DIRECT_OBJC_ISA_USAGE = YES_ERROR;
				CLANG_WARN_DOCUMENTATION_COMMENTS = YES;
				CLANG_WARN_EMPTY_BODY = YES;
				CLANG_WARN_ENUM_CONVERSION = YES;
				CLANG_WARN_INFINITE_RECURSION = YES;
				CLANG_WARN_INT_CONVERSION = YES;
				CLANG_WARN_NON_LITERAL_NULL_CONVERSION = YES;
				CLANG_WARN_OBJC_IMPLICIT_RETAIN_SELF = YES;
				CLANG_WARN_OBJC_LITERAL_CONVERSION = YES;
				CLANG_WARN_OBJC_ROOT_CLASS = YES_ERROR;
				CLANG_WARN_QUOTED_INCLUDE_IN_FRAMEWORK_HEADER = YES;
				CLANG_WARN_RANGE_LOOP_ANALYSIS = YES;
				CLANG_WARN_STRICT_PROTOTYPES = YES;
				CLANG_WARN_SUSPICIOUS_MOVE = YES;
				CLANG_WARN_UNGUARDED_AVAILABILITY = YES_AGGRESSIVE;
				CLANG_WARN_UNREACHABLE_CODE = YES;
				CLANG_WARN__DUPLICATE_METHOD_MATCH = YES;
				COPY_PHASE_STRIP = NO;
				DEBUG_INFORMATION_FORMAT = "dwarf-with-dsym";
				ENABLE_NS_ASSERTIONS = NO;
				ENABLE_STRICT_OBJC_MSGSEND = YES;
				GCC_C_LANGUAGE_STANDARD = gnu11;
				GCC_NO_COMMON_BLOCKS = YES;
				GCC_WARN_64_TO_32_BIT_CONVERSION = YES;
				GCC_WARN_ABOUT_RETURN_TYPE = YES_ERROR;
				GCC_WARN_UNDECLARED_SELECTOR = YES;
				GCC_WARN_UNINITIALIZED_AUTOS = YES_AGGRESSIVE;
				GCC_WARN_UNUSED_FUNCTION = YES;
				GCC_WARN_UNUSED_VARIABLE = YES;
				IPHONEOS_DEPLOYMENT_TARGET = 14.0;
				MTL_ENABLE_DEBUG_INFO = NO;
				MTL_FAST_MATH = YES;
				SDKROOT = iphoneos;
				SWIFT_COMPILATION_MODE = wholemodule;
				SWIFT_OPTIMIZATION_LEVEL = "-O";
				VALIDATE_PRODUCT = YES;
			};
			name = Release;
		};
		3D9340022800E36F0002B11D /* Debug */ = {
			isa = XCBuildConfiguration;
			buildSettings = {
				ASSETCATALOG_COMPILER_APPICON_NAME = AppIcon;
				ASSETCATALOG_COMPILER_GLOBAL_ACCENT_COLOR_NAME = AccentColor;
				CODE_SIGN_STYLE = Automatic;
				CURRENT_PROJECT_VERSION = 1;
				DEVELOPMENT_TEAM = P6FCPFN549;
				GENERATE_INFOPLIST_FILE = YES;
				INFOPLIST_FILE = LeboncoinTest/SupportingFiles/Info.plist;
				INFOPLIST_KEY_UIApplicationSupportsIndirectInputEvents = YES;
				INFOPLIST_KEY_UILaunchStoryboardName = LaunchScreen;
				INFOPLIST_KEY_UISupportedInterfaceOrientations = UIInterfaceOrientationPortrait;
				INFOPLIST_KEY_UISupportedInterfaceOrientations_iPad = "UIInterfaceOrientationPortrait UIInterfaceOrientationPortraitUpsideDown UIInterfaceOrientationLandscapeLeft UIInterfaceOrientationLandscapeRight";
				INFOPLIST_KEY_UISupportedInterfaceOrientations_iPhone = "UIInterfaceOrientationPortrait UIInterfaceOrientationLandscapeLeft UIInterfaceOrientationLandscapeRight";
				LD_RUNPATH_SEARCH_PATHS = (
					"$(inherited)",
					"@executable_path/Frameworks",
				);
				MARKETING_VERSION = 1.0;
				PRODUCT_BUNDLE_IDENTIFIER = com.culhaoglujanin.LeboncoinTest;
				PRODUCT_NAME = "$(TARGET_NAME)";
				SWIFT_EMIT_LOC_STRINGS = YES;
				SWIFT_VERSION = 5.0;
				TARGETED_DEVICE_FAMILY = "1,2";
			};
			name = Debug;
		};
		3D9340032800E36F0002B11D /* Release */ = {
			isa = XCBuildConfiguration;
			buildSettings = {
				ASSETCATALOG_COMPILER_APPICON_NAME = AppIcon;
				ASSETCATALOG_COMPILER_GLOBAL_ACCENT_COLOR_NAME = AccentColor;
				CODE_SIGN_STYLE = Automatic;
				CURRENT_PROJECT_VERSION = 1;
				DEVELOPMENT_TEAM = P6FCPFN549;
				GENERATE_INFOPLIST_FILE = YES;
				INFOPLIST_FILE = LeboncoinTest/SupportingFiles/Info.plist;
				INFOPLIST_KEY_UIApplicationSupportsIndirectInputEvents = YES;
				INFOPLIST_KEY_UILaunchStoryboardName = LaunchScreen;
				INFOPLIST_KEY_UISupportedInterfaceOrientations = UIInterfaceOrientationPortrait;
				INFOPLIST_KEY_UISupportedInterfaceOrientations_iPad = "UIInterfaceOrientationPortrait UIInterfaceOrientationPortraitUpsideDown UIInterfaceOrientationLandscapeLeft UIInterfaceOrientationLandscapeRight";
				INFOPLIST_KEY_UISupportedInterfaceOrientations_iPhone = "UIInterfaceOrientationPortrait UIInterfaceOrientationLandscapeLeft UIInterfaceOrientationLandscapeRight";
				LD_RUNPATH_SEARCH_PATHS = (
					"$(inherited)",
					"@executable_path/Frameworks",
				);
				MARKETING_VERSION = 1.0;
				PRODUCT_BUNDLE_IDENTIFIER = com.culhaoglujanin.LeboncoinTest;
				PRODUCT_NAME = "$(TARGET_NAME)";
				SWIFT_EMIT_LOC_STRINGS = YES;
				SWIFT_VERSION = 5.0;
				TARGETED_DEVICE_FAMILY = "1,2";
			};
			name = Release;
		};
		3D9340052800E36F0002B11D /* Debug */ = {
			isa = XCBuildConfiguration;
			buildSettings = {
				ALWAYS_EMBED_SWIFT_STANDARD_LIBRARIES = YES;
				BUNDLE_LOADER = "$(TEST_HOST)";
				CODE_SIGN_STYLE = Automatic;
				CURRENT_PROJECT_VERSION = 1;
				DEVELOPMENT_TEAM = P6FCPFN549;
				GENERATE_INFOPLIST_FILE = YES;
				IPHONEOS_DEPLOYMENT_TARGET = 14.0;
				MARKETING_VERSION = 1.0;
				PRODUCT_BUNDLE_IDENTIFIER = com.culhaoglujanin.LeboncoinTestTests;
				PRODUCT_NAME = "$(TARGET_NAME)";
				SWIFT_EMIT_LOC_STRINGS = NO;
				SWIFT_VERSION = 5.0;
				TARGETED_DEVICE_FAMILY = "1,2";
				TEST_HOST = "$(BUILT_PRODUCTS_DIR)/LeboncoinTest.app/LeboncoinTest";
			};
			name = Debug;
		};
		3D9340062800E36F0002B11D /* Release */ = {
			isa = XCBuildConfiguration;
			buildSettings = {
				ALWAYS_EMBED_SWIFT_STANDARD_LIBRARIES = YES;
				BUNDLE_LOADER = "$(TEST_HOST)";
				CODE_SIGN_STYLE = Automatic;
				CURRENT_PROJECT_VERSION = 1;
				DEVELOPMENT_TEAM = P6FCPFN549;
				GENERATE_INFOPLIST_FILE = YES;
				IPHONEOS_DEPLOYMENT_TARGET = 14.0;
				MARKETING_VERSION = 1.0;
				PRODUCT_BUNDLE_IDENTIFIER = com.culhaoglujanin.LeboncoinTestTests;
				PRODUCT_NAME = "$(TARGET_NAME)";
				SWIFT_EMIT_LOC_STRINGS = NO;
				SWIFT_VERSION = 5.0;
				TARGETED_DEVICE_FAMILY = "1,2";
				TEST_HOST = "$(BUILT_PRODUCTS_DIR)/LeboncoinTest.app/LeboncoinTest";
			};
			name = Release;
		};
		3D9340082800E36F0002B11D /* Debug */ = {
			isa = XCBuildConfiguration;
			buildSettings = {
				ALWAYS_EMBED_SWIFT_STANDARD_LIBRARIES = YES;
				CODE_SIGN_STYLE = Automatic;
				CURRENT_PROJECT_VERSION = 1;
				DEVELOPMENT_TEAM = P6FCPFN549;
				GENERATE_INFOPLIST_FILE = YES;
				MARKETING_VERSION = 1.0;
				PRODUCT_BUNDLE_IDENTIFIER = com.culhaoglujanin.LeboncoinTestUITests;
				PRODUCT_NAME = "$(TARGET_NAME)";
				SWIFT_EMIT_LOC_STRINGS = NO;
				SWIFT_VERSION = 5.0;
				TARGETED_DEVICE_FAMILY = "1,2";
				TEST_TARGET_NAME = LeboncoinTest;
			};
			name = Debug;
		};
		3D9340092800E36F0002B11D /* Release */ = {
			isa = XCBuildConfiguration;
			buildSettings = {
				ALWAYS_EMBED_SWIFT_STANDARD_LIBRARIES = YES;
				CODE_SIGN_STYLE = Automatic;
				CURRENT_PROJECT_VERSION = 1;
				DEVELOPMENT_TEAM = P6FCPFN549;
				GENERATE_INFOPLIST_FILE = YES;
				MARKETING_VERSION = 1.0;
				PRODUCT_BUNDLE_IDENTIFIER = com.culhaoglujanin.LeboncoinTestUITests;
				PRODUCT_NAME = "$(TARGET_NAME)";
				SWIFT_EMIT_LOC_STRINGS = NO;
				SWIFT_VERSION = 5.0;
				TARGETED_DEVICE_FAMILY = "1,2";
				TEST_TARGET_NAME = LeboncoinTest;
			};
			name = Release;
		};
/* End XCBuildConfiguration section */

/* Begin XCConfigurationList section */
		3D933FD22800E36B0002B11D /* Build configuration list for PBXProject "LeboncoinTest" */ = {
			isa = XCConfigurationList;
			buildConfigurations = (
				3D933FFF2800E36F0002B11D /* Debug */,
				3D9340002800E36F0002B11D /* Release */,
			);
			defaultConfigurationIsVisible = 0;
			defaultConfigurationName = Release;
		};
		3D9340012800E36F0002B11D /* Build configuration list for PBXNativeTarget "LeboncoinTest" */ = {
			isa = XCConfigurationList;
			buildConfigurations = (
				3D9340022800E36F0002B11D /* Debug */,
				3D9340032800E36F0002B11D /* Release */,
			);
			defaultConfigurationIsVisible = 0;
			defaultConfigurationName = Release;
		};
		3D9340042800E36F0002B11D /* Build configuration list for PBXNativeTarget "LeboncoinTestTests" */ = {
			isa = XCConfigurationList;
			buildConfigurations = (
				3D9340052800E36F0002B11D /* Debug */,
				3D9340062800E36F0002B11D /* Release */,
			);
			defaultConfigurationIsVisible = 0;
			defaultConfigurationName = Release;
		};
		3D9340072800E36F0002B11D /* Build configuration list for PBXNativeTarget "LeboncoinTestUITests" */ = {
			isa = XCConfigurationList;
			buildConfigurations = (
				3D9340082800E36F0002B11D /* Debug */,
				3D9340092800E36F0002B11D /* Release */,
			);
			defaultConfigurationIsVisible = 0;
			defaultConfigurationName = Release;
		};
/* End XCConfigurationList section */
	};
	rootObject = 3D933FCF2800E36B0002B11D /* Project object */;
}
